// !$*UTF8*$!
{
	archiveVersion = 1;
	classes = {
	};
	objectVersion = 56;
	objects = {

/* Begin PBXBuildFile section */
		C41E24362AAE4C8200671831 /* GameSettings.swift in Sources */ = {isa = PBXBuildFile; fileRef = C41E24352AAE4C8200671831 /* GameSettings.swift */; };
		C423F6452A9A8B6D0058E0C2 /* BitMaskCategory.swift in Sources */ = {isa = PBXBuildFile; fileRef = C423F6442A9A8B6D0058E0C2 /* BitMaskCategory.swift */; };
		C42980E82A9C040900EA6F61 /* HUD.swift in Sources */ = {isa = PBXBuildFile; fileRef = C42980E72A9C040900EA6F61 /* HUD.swift */; };
		C44811702A9D53D3003F655A /* PauseScene.swift in Sources */ = {isa = PBXBuildFile; fileRef = C448116F2A9D53D3003F655A /* PauseScene.swift */; };
		C44811722A9E72A7003F655A /* SceneManager.swift in Sources */ = {isa = PBXBuildFile; fileRef = C44811712A9E72A7003F655A /* SceneManager.swift */; };
		C44811742A9FD607003F655A /* YellowShot.atlas in Resources */ = {isa = PBXBuildFile; fileRef = C44811732A9FD607003F655A /* YellowShot.atlas */; };
		C44811782AA0024C003F655A /* ParentScene.swift in Sources */ = {isa = PBXBuildFile; fileRef = C44811772AA0024C003F655A /* ParentScene.swift */; };
		C448117A2AA116EB003F655A /* OptionsScene.swift in Sources */ = {isa = PBXBuildFile; fileRef = C44811792AA116EB003F655A /* OptionsScene.swift */; };
		C448117C2AA118C4003F655A /* BestScene.swift in Sources */ = {isa = PBXBuildFile; fileRef = C448117B2AA118C4003F655A /* BestScene.swift */; };
		C448117F2AA29C8A003F655A /* EnemyExplosion.sks in Resources */ = {isa = PBXBuildFile; fileRef = C448117D2AA29C8A003F655A /* EnemyExplosion.sks */; };
		C44811802AA29C8A003F655A /* Assets.xcassets in Resources */ = {isa = PBXBuildFile; fileRef = C448117E2AA29C8A003F655A /* Assets.xcassets */; };
		C471617E2AA64975000795EE /* GameOverScene.swift in Sources */ = {isa = PBXBuildFile; fileRef = C471617D2AA64975000795EE /* GameOverScene.swift */; };
		C4877F002A8A5A9D001E1B3F /* PowerUp.swift in Sources */ = {isa = PBXBuildFile; fileRef = C4877EFF2A8A5A9D001E1B3F /* PowerUp.swift */; };
		C49E43DB2AA901A100BA3823 /* backgroundMusic.m4a in Resources */ = {isa = PBXBuildFile; fileRef = C49E43DA2AA901A100BA3823 /* backgroundMusic.m4a */; };
		C49E43DD2AA901AD00BA3823 /* hitSound.wav in Resources */ = {isa = PBXBuildFile; fileRef = C49E43DC2AA901AD00BA3823 /* hitSound.wav */; };
		C4A8B5292A8FFEB600B5DDD4 /* Enemy_2.atlas in Resources */ = {isa = PBXBuildFile; fileRef = C4A8B5282A8FFEB500B5DDD4 /* Enemy_2.atlas */; };
		C4A8B52B2A93F5CD00B5DDD4 /* BluePowerUp.atlas in Resources */ = {isa = PBXBuildFile; fileRef = C4A8B52A2A93F5CD00B5DDD4 /* BluePowerUp.atlas */; };
		C4A8B52D2A93F66C00B5DDD4 /* GreenPowerUp.atlas in Resources */ = {isa = PBXBuildFile; fileRef = C4A8B52C2A93F66C00B5DDD4 /* GreenPowerUp.atlas */; };
		C4A8B52F2A93F70500B5DDD4 /* GreenPowerUp.swift in Sources */ = {isa = PBXBuildFile; fileRef = C4A8B52E2A93F70500B5DDD4 /* GreenPowerUp.swift */; };
		C4A8B5312A93F71100B5DDD4 /* BluePowerUp.swift in Sources */ = {isa = PBXBuildFile; fileRef = C4A8B5302A93F71100B5DDD4 /* BluePowerUp.swift */; };
		C4A8B5362A96714700B5DDD4 /* Shot.swift in Sources */ = {isa = PBXBuildFile; fileRef = C4A8B5352A96714700B5DDD4 /* Shot.swift */; };
		C4A8B5382A96729600B5DDD4 /* YellowShot.swift in Sources */ = {isa = PBXBuildFile; fileRef = C4A8B5372A96729600B5DDD4 /* YellowShot.swift */; };
		C4A8B53A2A97EAF600B5DDD4 /* GameScene.swift in Sources */ = {isa = PBXBuildFile; fileRef = C4A8B5392A97EAF600B5DDD4 /* GameScene.swift */; };
		C4A8B53C2A97EB0F00B5DDD4 /* Assets.swift in Sources */ = {isa = PBXBuildFile; fileRef = C4A8B53B2A97EB0F00B5DDD4 /* Assets.swift */; };
		C4A8B5412A98F89400B5DDD4 /* MenuScene.swift in Sources */ = {isa = PBXBuildFile; fileRef = C4A8B5402A98F89400B5DDD4 /* MenuScene.swift */; };
		C4BC21722A7160CD005708E9 /* Background.swift in Sources */ = {isa = PBXBuildFile; fileRef = C4BC21712A7160CD005708E9 /* Background.swift */; };
		C4BC21742A728BDD005708E9 /* Island.swift in Sources */ = {isa = PBXBuildFile; fileRef = C4BC21732A728BDD005708E9 /* Island.swift */; };
		C4BC21762A744299005708E9 /* Cloud.swift in Sources */ = {isa = PBXBuildFile; fileRef = C4BC21752A744299005708E9 /* Cloud.swift */; };
		C4BC21782A7995A0005708E9 /* PlayerPlane.swift in Sources */ = {isa = PBXBuildFile; fileRef = C4BC21772A7995A0005708E9 /* PlayerPlane.swift */; };
		C4BC217A2A79965C005708E9 /* PlayerPlane.atlas in Resources */ = {isa = PBXBuildFile; fileRef = C4BC21792A79965C005708E9 /* PlayerPlane.atlas */; };
		C4BC217C2A7C393F005708E9 /* protocol GameBackgroundSpriteable + Extension.swift in Sources */ = {isa = PBXBuildFile; fileRef = C4BC217B2A7C393F005708E9 /* protocol GameBackgroundSpriteable + Extension.swift */; };
		C4BCC05E2A9D4E52001A3B50 /* ButtonNode.swift in Sources */ = {isa = PBXBuildFile; fileRef = C4BCC05D2A9D4E52001A3B50 /* ButtonNode.swift */; };
		C4C603D22A6F02A9004BA2BF /* AppDelegate.swift in Sources */ = {isa = PBXBuildFile; fileRef = C4C603D12A6F02A9004BA2BF /* AppDelegate.swift */; };
		C4C603DA2A6F02A9004BA2BF /* GameViewController.swift in Sources */ = {isa = PBXBuildFile; fileRef = C4C603D92A6F02A9004BA2BF /* GameViewController.swift */; };
		C4C603DD2A6F02A9004BA2BF /* Main.storyboard in Resources */ = {isa = PBXBuildFile; fileRef = C4C603DB2A6F02A9004BA2BF /* Main.storyboard */; };
		C4C603DF2A6F02AB004BA2BF /* Assets.xcassets in Resources */ = {isa = PBXBuildFile; fileRef = C4C603DE2A6F02AB004BA2BF /* Assets.xcassets */; };
		C4C603E22A6F02AB004BA2BF /* LaunchScreen.storyboard in Resources */ = {isa = PBXBuildFile; fileRef = C4C603E02A6F02AB004BA2BF /* LaunchScreen.storyboard */; };
		C4DE7FA92A8D45B80062BCD8 /* Enemy.swift in Sources */ = {isa = PBXBuildFile; fileRef = C4DE7FA82A8D45B80062BCD8 /* Enemy.swift */; };
		C4DE7FAB2A8D45FA0062BCD8 /* Enemy_1.atlas in Resources */ = {isa = PBXBuildFile; fileRef = C4DE7FAA2A8D45FA0062BCD8 /* Enemy_1.atlas */; };
/* End PBXBuildFile section */

/* Begin PBXFileReference section */
		C41E24352AAE4C8200671831 /* GameSettings.swift */ = {isa = PBXFileReference; lastKnownFileType = sourcecode.swift; path = GameSettings.swift; sourceTree = "<group>"; };
		C423F6442A9A8B6D0058E0C2 /* BitMaskCategory.swift */ = {isa = PBXFileReference; lastKnownFileType = sourcecode.swift; path = BitMaskCategory.swift; sourceTree = "<group>"; };
		C42980E72A9C040900EA6F61 /* HUD.swift */ = {isa = PBXFileReference; lastKnownFileType = sourcecode.swift; path = HUD.swift; sourceTree = "<group>"; };
		C448116F2A9D53D3003F655A /* PauseScene.swift */ = {isa = PBXFileReference; lastKnownFileType = sourcecode.swift; path = PauseScene.swift; sourceTree = "<group>"; };
		C44811712A9E72A7003F655A /* SceneManager.swift */ = {isa = PBXFileReference; lastKnownFileType = sourcecode.swift; path = SceneManager.swift; sourceTree = "<group>"; };
		C44811732A9FD607003F655A /* YellowShot.atlas */ = {isa = PBXFileReference; lastKnownFileType = folder.skatlas; path = YellowShot.atlas; sourceTree = "<group>"; };
		C44811772AA0024C003F655A /* ParentScene.swift */ = {isa = PBXFileReference; lastKnownFileType = sourcecode.swift; path = ParentScene.swift; sourceTree = "<group>"; };
		C44811792AA116EB003F655A /* OptionsScene.swift */ = {isa = PBXFileReference; lastKnownFileType = sourcecode.swift; path = OptionsScene.swift; sourceTree = "<group>"; };
		C448117B2AA118C4003F655A /* BestScene.swift */ = {isa = PBXFileReference; lastKnownFileType = sourcecode.swift; path = BestScene.swift; sourceTree = "<group>"; };
		C448117D2AA29C8A003F655A /* EnemyExplosion.sks */ = {isa = PBXFileReference; lastKnownFileType = file.sks; path = EnemyExplosion.sks; sourceTree = "<group>"; };
		C448117E2AA29C8A003F655A /* Assets.xcassets */ = {isa = PBXFileReference; lastKnownFileType = folder.assetcatalog; path = Assets.xcassets; sourceTree = "<group>"; };
		C471617D2AA64975000795EE /* GameOverScene.swift */ = {isa = PBXFileReference; lastKnownFileType = sourcecode.swift; path = GameOverScene.swift; sourceTree = "<group>"; };
		C4877EFF2A8A5A9D001E1B3F /* PowerUp.swift */ = {isa = PBXFileReference; lastKnownFileType = sourcecode.swift; path = PowerUp.swift; sourceTree = "<group>"; };
		C49E43DA2AA901A100BA3823 /* backgroundMusic.m4a */ = {isa = PBXFileReference; lastKnownFileType = file; path = backgroundMusic.m4a; sourceTree = "<group>"; };
		C49E43DC2AA901AD00BA3823 /* hitSound.wav */ = {isa = PBXFileReference; lastKnownFileType = audio.wav; path = hitSound.wav; sourceTree = "<group>"; };
		C4A8B5282A8FFEB500B5DDD4 /* Enemy_2.atlas */ = {isa = PBXFileReference; lastKnownFileType = folder.skatlas; path = Enemy_2.atlas; sourceTree = "<group>"; };
		C4A8B52A2A93F5CD00B5DDD4 /* BluePowerUp.atlas */ = {isa = PBXFileReference; lastKnownFileType = folder.skatlas; path = BluePowerUp.atlas; sourceTree = "<group>"; };
		C4A8B52C2A93F66C00B5DDD4 /* GreenPowerUp.atlas */ = {isa = PBXFileReference; lastKnownFileType = folder.skatlas; path = GreenPowerUp.atlas; sourceTree = "<group>"; };
		C4A8B52E2A93F70500B5DDD4 /* GreenPowerUp.swift */ = {isa = PBXFileReference; lastKnownFileType = sourcecode.swift; path = GreenPowerUp.swift; sourceTree = "<group>"; };
		C4A8B5302A93F71100B5DDD4 /* BluePowerUp.swift */ = {isa = PBXFileReference; lastKnownFileType = sourcecode.swift; path = BluePowerUp.swift; sourceTree = "<group>"; };
		C4A8B5352A96714700B5DDD4 /* Shot.swift */ = {isa = PBXFileReference; lastKnownFileType = sourcecode.swift; path = Shot.swift; sourceTree = "<group>"; };
		C4A8B5372A96729600B5DDD4 /* YellowShot.swift */ = {isa = PBXFileReference; lastKnownFileType = sourcecode.swift; path = YellowShot.swift; sourceTree = "<group>"; };
		C4A8B5392A97EAF600B5DDD4 /* GameScene.swift */ = {isa = PBXFileReference; lastKnownFileType = sourcecode.swift; path = GameScene.swift; sourceTree = "<group>"; };
		C4A8B53B2A97EB0F00B5DDD4 /* Assets.swift */ = {isa = PBXFileReference; lastKnownFileType = sourcecode.swift; path = Assets.swift; sourceTree = "<group>"; };
		C4A8B5402A98F89400B5DDD4 /* MenuScene.swift */ = {isa = PBXFileReference; lastKnownFileType = sourcecode.swift; path = MenuScene.swift; sourceTree = "<group>"; };
		C4BC21712A7160CD005708E9 /* Background.swift */ = {isa = PBXFileReference; lastKnownFileType = sourcecode.swift; path = Background.swift; sourceTree = "<group>"; };
		C4BC21732A728BDD005708E9 /* Island.swift */ = {isa = PBXFileReference; lastKnownFileType = sourcecode.swift; path = Island.swift; sourceTree = "<group>"; };
		C4BC21752A744299005708E9 /* Cloud.swift */ = {isa = PBXFileReference; lastKnownFileType = sourcecode.swift; path = Cloud.swift; sourceTree = "<group>"; };
		C4BC21772A7995A0005708E9 /* PlayerPlane.swift */ = {isa = PBXFileReference; lastKnownFileType = sourcecode.swift; path = PlayerPlane.swift; sourceTree = "<group>"; };
		C4BC21792A79965C005708E9 /* PlayerPlane.atlas */ = {isa = PBXFileReference; lastKnownFileType = folder.skatlas; name = PlayerPlane.atlas; path = WarFly/Atlases/PlayerPlane.atlas; sourceTree = SOURCE_ROOT; };
		C4BC217B2A7C393F005708E9 /* protocol GameBackgroundSpriteable + Extension.swift */ = {isa = PBXFileReference; lastKnownFileType = sourcecode.swift; path = "protocol GameBackgroundSpriteable + Extension.swift"; sourceTree = "<group>"; };
		C4BCC05D2A9D4E52001A3B50 /* ButtonNode.swift */ = {isa = PBXFileReference; lastKnownFileType = sourcecode.swift; path = ButtonNode.swift; sourceTree = "<group>"; };
		C4C603CE2A6F02A9004BA2BF /* WarFly.app */ = {isa = PBXFileReference; explicitFileType = wrapper.application; includeInIndex = 0; path = WarFly.app; sourceTree = BUILT_PRODUCTS_DIR; };
		C4C603D12A6F02A9004BA2BF /* AppDelegate.swift */ = {isa = PBXFileReference; lastKnownFileType = sourcecode.swift; path = AppDelegate.swift; sourceTree = "<group>"; };
		C4C603D92A6F02A9004BA2BF /* GameViewController.swift */ = {isa = PBXFileReference; lastKnownFileType = sourcecode.swift; path = GameViewController.swift; sourceTree = "<group>"; };
		C4C603DC2A6F02A9004BA2BF /* Base */ = {isa = PBXFileReference; lastKnownFileType = file.storyboard; name = Base; path = Base.lproj/Main.storyboard; sourceTree = "<group>"; };
		C4C603DE2A6F02AB004BA2BF /* Assets.xcassets */ = {isa = PBXFileReference; lastKnownFileType = folder.assetcatalog; path = Assets.xcassets; sourceTree = "<group>"; };
		C4C603E12A6F02AB004BA2BF /* Base */ = {isa = PBXFileReference; lastKnownFileType = file.storyboard; name = Base; path = Base.lproj/LaunchScreen.storyboard; sourceTree = "<group>"; };
		C4DE7FA82A8D45B80062BCD8 /* Enemy.swift */ = {isa = PBXFileReference; lastKnownFileType = sourcecode.swift; path = Enemy.swift; sourceTree = "<group>"; };
		C4DE7FAA2A8D45FA0062BCD8 /* Enemy_1.atlas */ = {isa = PBXFileReference; lastKnownFileType = folder.skatlas; path = Enemy_1.atlas; sourceTree = "<group>"; };
/* End PBXFileReference section */

/* Begin PBXFrameworksBuildPhase section */
		C4C603CB2A6F02A9004BA2BF /* Frameworks */ = {
			isa = PBXFrameworksBuildPhase;
			buildActionMask = 2147483647;
			files = (
			);
			runOnlyForDeploymentPostprocessing = 0;
		};
/* End PBXFrameworksBuildPhase section */

/* Begin PBXGroup section */
		C42980E92A9C059600EA6F61 /* Supporting files */ = {
			isa = PBXGroup;
			children = (
				C4C603DB2A6F02A9004BA2BF /* Main.storyboard */,
				C49E43DA2AA901A100BA3823 /* backgroundMusic.m4a */,
				C49E43DC2AA901AD00BA3823 /* hitSound.wav */,
				C4C603DE2A6F02AB004BA2BF /* Assets.xcassets */,
				C4C603E02A6F02AB004BA2BF /* LaunchScreen.storyboard */,
				C4C603D12A6F02A9004BA2BF /* AppDelegate.swift */,
			);
			path = "Supporting files";
			sourceTree = "<group>";
		};
		C42980EA2A9C05E900EA6F61 /* Controllers */ = {
			isa = PBXGroup;
			children = (
				C4C603D92A6F02A9004BA2BF /* GameViewController.swift */,
			);
			path = Controllers;
			sourceTree = "<group>";
		};
		C42980EB2A9C060600EA6F61 /* Protocols + Exrensions */ = {
			isa = PBXGroup;
			children = (
				C4BC217B2A7C393F005708E9 /* protocol GameBackgroundSpriteable + Extension.swift */,
			);
			path = "Protocols + Exrensions";
			sourceTree = "<group>";
		};
		C42980EC2A9C063F00EA6F61 /* Classes */ = {
			isa = PBXGroup;
			children = (
				C4BCC05D2A9D4E52001A3B50 /* ButtonNode.swift */,
				C42980E72A9C040900EA6F61 /* HUD.swift */,
				C4A8B5352A96714700B5DDD4 /* Shot.swift */,
				C4BC21712A7160CD005708E9 /* Background.swift */,
				C4DE7FA82A8D45B80062BCD8 /* Enemy.swift */,
				C4A8B5372A96729600B5DDD4 /* YellowShot.swift */,
				C4A8B5302A93F71100B5DDD4 /* BluePowerUp.swift */,
				C4A8B52E2A93F70500B5DDD4 /* GreenPowerUp.swift */,
				C4877EFF2A8A5A9D001E1B3F /* PowerUp.swift */,
				C4BC21732A728BDD005708E9 /* Island.swift */,
				C4BC21752A744299005708E9 /* Cloud.swift */,
				C4BC21772A7995A0005708E9 /* PlayerPlane.swift */,
			);
			path = Classes;
			sourceTree = "<group>";
		};
		C42980ED2A9C06AA00EA6F61 /* Managers */ = {
			isa = PBXGroup;
			children = (
				C4A8B53B2A97EB0F00B5DDD4 /* Assets.swift */,
				C423F6442A9A8B6D0058E0C2 /* BitMaskCategory.swift */,
				C41E24352AAE4C8200671831 /* GameSettings.swift */,
				C44811712A9E72A7003F655A /* SceneManager.swift */,
			);
			name = Managers;
			sourceTree = "<group>";
		};
		C42980EE2A9C06CF00EA6F61 /* Scenes */ = {
			isa = PBXGroup;
			children = (
				C4A8B5402A98F89400B5DDD4 /* MenuScene.swift */,
				C448116F2A9D53D3003F655A /* PauseScene.swift */,
				C448117B2AA118C4003F655A /* BestScene.swift */,
				C44811792AA116EB003F655A /* OptionsScene.swift */,
				C44811772AA0024C003F655A /* ParentScene.swift */,
				C4A8B5392A97EAF600B5DDD4 /* GameScene.swift */,
				C471617D2AA64975000795EE /* GameOverScene.swift */,
				C448117E2AA29C8A003F655A /* Assets.xcassets */,
			);
			path = Scenes;
			sourceTree = "<group>";
		};
		C44811812AA29C9D003F655A /* Particles */ = {
			isa = PBXGroup;
			children = (
				C448117D2AA29C8A003F655A /* EnemyExplosion.sks */,
			);
			path = Particles;
			sourceTree = "<group>";
		};
		C4A8B5342A96708800B5DDD4 /* Atlases */ = {
			isa = PBXGroup;
			children = (
				C44811732A9FD607003F655A /* YellowShot.atlas */,
				C4A8B52C2A93F66C00B5DDD4 /* GreenPowerUp.atlas */,
				C4A8B52A2A93F5CD00B5DDD4 /* BluePowerUp.atlas */,
				C4A8B5282A8FFEB500B5DDD4 /* Enemy_2.atlas */,
				C4DE7FAA2A8D45FA0062BCD8 /* Enemy_1.atlas */,
				C4BC21792A79965C005708E9 /* PlayerPlane.atlas */,
			);
			path = Atlases;
			sourceTree = "<group>";
		};
		C4C603C52A6F02A9004BA2BF = {
			isa = PBXGroup;
			children = (
				C4C603D02A6F02A9004BA2BF /* WarFly */,
				C4C603CF2A6F02A9004BA2BF /* Products */,
			);
			sourceTree = "<group>";
		};
		C4C603CF2A6F02A9004BA2BF /* Products */ = {
			isa = PBXGroup;
			children = (
				C4C603CE2A6F02A9004BA2BF /* WarFly.app */,
			);
			name = Products;
			sourceTree = "<group>";
		};
		C4C603D02A6F02A9004BA2BF /* WarFly */ = {
			isa = PBXGroup;
			children = (
				C44811812AA29C9D003F655A /* Particles */,
				C42980EE2A9C06CF00EA6F61 /* Scenes */,
				C42980ED2A9C06AA00EA6F61 /* Managers */,
				C42980EC2A9C063F00EA6F61 /* Classes */,
				C42980EB2A9C060600EA6F61 /* Protocols + Exrensions */,
				C42980EA2A9C05E900EA6F61 /* Controllers */,
				C42980E92A9C059600EA6F61 /* Supporting files */,
				C4A8B5342A96708800B5DDD4 /* Atlases */,
			);
			path = WarFly;
			sourceTree = "<group>";
		};
/* End PBXGroup section */

/* Begin PBXNativeTarget section */
		C4C603CD2A6F02A9004BA2BF /* WarFly */ = {
			isa = PBXNativeTarget;
			buildConfigurationList = C4C603E52A6F02AB004BA2BF /* Build configuration list for PBXNativeTarget "WarFly" */;
			buildPhases = (
				C4C603CA2A6F02A9004BA2BF /* Sources */,
				C4C603CB2A6F02A9004BA2BF /* Frameworks */,
				C4C603CC2A6F02A9004BA2BF /* Resources */,
			);
			buildRules = (
			);
			dependencies = (
			);
			name = WarFly;
			productName = WarFly;
			productReference = C4C603CE2A6F02A9004BA2BF /* WarFly.app */;
			productType = "com.apple.product-type.application";
		};
/* End PBXNativeTarget section */

/* Begin PBXProject section */
		C4C603C62A6F02A9004BA2BF /* Project object */ = {
			isa = PBXProject;
			attributes = {
				BuildIndependentTargetsInParallel = 1;
				LastSwiftUpdateCheck = 1430;
				LastUpgradeCheck = 1430;
				ORGANIZATIONNAME = "Katsiaryna Kulik";
				TargetAttributes = {
					C4C603CD2A6F02A9004BA2BF = {
						CreatedOnToolsVersion = 14.3.1;
					};
				};
			};
			buildConfigurationList = C4C603C92A6F02A9004BA2BF /* Build configuration list for PBXProject "WarFly" */;
			compatibilityVersion = "Xcode 14.0";
			developmentRegion = en;
			hasScannedForEncodings = 0;
			knownRegions = (
				en,
				Base,
			);
			mainGroup = C4C603C52A6F02A9004BA2BF;
			productRefGroup = C4C603CF2A6F02A9004BA2BF /* Products */;
			projectDirPath = "";
			projectRoot = "";
			targets = (
				C4C603CD2A6F02A9004BA2BF /* WarFly */,
			);
		};
/* End PBXProject section */

/* Begin PBXResourcesBuildPhase section */
		C4C603CC2A6F02A9004BA2BF /* Resources */ = {
			isa = PBXResourcesBuildPhase;
			buildActionMask = 2147483647;
			files = (
				C4A8B52D2A93F66C00B5DDD4 /* GreenPowerUp.atlas in Resources */,
				C44811742A9FD607003F655A /* YellowShot.atlas in Resources */,
				C44811802AA29C8A003F655A /* Assets.xcassets in Resources */,
				C4A8B5292A8FFEB600B5DDD4 /* Enemy_2.atlas in Resources */,
				C4DE7FAB2A8D45FA0062BCD8 /* Enemy_1.atlas in Resources */,
				C4C603DD2A6F02A9004BA2BF /* Main.storyboard in Resources */,
				C4BC217A2A79965C005708E9 /* PlayerPlane.atlas in Resources */,
				C49E43DD2AA901AD00BA3823 /* hitSound.wav in Resources */,
				C448117F2AA29C8A003F655A /* EnemyExplosion.sks in Resources */,
				C49E43DB2AA901A100BA3823 /* backgroundMusic.m4a in Resources */,
				C4C603DF2A6F02AB004BA2BF /* Assets.xcassets in Resources */,
				C4A8B52B2A93F5CD00B5DDD4 /* BluePowerUp.atlas in Resources */,
				C4C603E22A6F02AB004BA2BF /* LaunchScreen.storyboard in Resources */,
			);
			runOnlyForDeploymentPostprocessing = 0;
		};
/* End PBXResourcesBuildPhase section */

/* Begin PBXSourcesBuildPhase section */
		C4C603CA2A6F02A9004BA2BF /* Sources */ = {
			isa = PBXSourcesBuildPhase;
			buildActionMask = 2147483647;
			files = (
				C4BC21782A7995A0005708E9 /* PlayerPlane.swift in Sources */,
				C4BC217C2A7C393F005708E9 /* protocol GameBackgroundSpriteable + Extension.swift in Sources */,
				C41E24362AAE4C8200671831 /* GameSettings.swift in Sources */,
				C4BC21762A744299005708E9 /* Cloud.swift in Sources */,
				C4A8B52F2A93F70500B5DDD4 /* GreenPowerUp.swift in Sources */,
				C4C603DA2A6F02A9004BA2BF /* GameViewController.swift in Sources */,
				C4A8B5382A96729600B5DDD4 /* YellowShot.swift in Sources */,
				C4C603D22A6F02A9004BA2BF /* AppDelegate.swift in Sources */,
				C4DE7FA92A8D45B80062BCD8 /* Enemy.swift in Sources */,
				C4A8B53C2A97EB0F00B5DDD4 /* Assets.swift in Sources */,
				C4BC21742A728BDD005708E9 /* Island.swift in Sources */,
				C471617E2AA64975000795EE /* GameOverScene.swift in Sources */,
				C44811722A9E72A7003F655A /* SceneManager.swift in Sources */,
				C4877F002A8A5A9D001E1B3F /* PowerUp.swift in Sources */,
				C4A8B5312A93F71100B5DDD4 /* BluePowerUp.swift in Sources */,
				C4A8B5362A96714700B5DDD4 /* Shot.swift in Sources */,
				C448117C2AA118C4003F655A /* BestScene.swift in Sources */,
				C423F6452A9A8B6D0058E0C2 /* BitMaskCategory.swift in Sources */,
				C4A8B5412A98F89400B5DDD4 /* MenuScene.swift in Sources */,
				C44811782AA0024C003F655A /* ParentScene.swift in Sources */,
				C44811702A9D53D3003F655A /* PauseScene.swift in Sources */,
				C448117A2AA116EB003F655A /* OptionsScene.swift in Sources */,
				C42980E82A9C040900EA6F61 /* HUD.swift in Sources */,
				C4A8B53A2A97EAF600B5DDD4 /* GameScene.swift in Sources */,
				C4BC21722A7160CD005708E9 /* Background.swift in Sources */,
				C4BCC05E2A9D4E52001A3B50 /* ButtonNode.swift in Sources */,
			);
			runOnlyForDeploymentPostprocessing = 0;
		};
/* End PBXSourcesBuildPhase section */

/* Begin PBXVariantGroup section */
		C4C603DB2A6F02A9004BA2BF /* Main.storyboard */ = {
			isa = PBXVariantGroup;
			children = (
				C4C603DC2A6F02A9004BA2BF /* Base */,
			);
			name = Main.storyboard;
			sourceTree = "<group>";
		};
		C4C603E02A6F02AB004BA2BF /* LaunchScreen.storyboard */ = {
			isa = PBXVariantGroup;
			children = (
				C4C603E12A6F02AB004BA2BF /* Base */,
			);
			name = LaunchScreen.storyboard;
			sourceTree = "<group>";
		};
/* End PBXVariantGroup section */

/* Begin XCBuildConfiguration section */
		C4C603E32A6F02AB004BA2BF /* Debug */ = {
			isa = XCBuildConfiguration;
			buildSettings = {
				ALWAYS_SEARCH_USER_PATHS = NO;
				CLANG_ANALYZER_NONNULL = YES;
				CLANG_ANALYZER_NUMBER_OBJECT_CONVERSION = YES_AGGRESSIVE;
				CLANG_CXX_LANGUAGE_STANDARD = "gnu++20";
				CLANG_ENABLE_MODULES = YES;
				CLANG_ENABLE_OBJC_ARC = YES;
				CLANG_ENABLE_OBJC_WEAK = YES;
				CLANG_WARN_BLOCK_CAPTURE_AUTORELEASING = YES;
				CLANG_WARN_BOOL_CONVERSION = YES;
				CLANG_WARN_COMMA = YES;
				CLANG_WARN_CONSTANT_CONVERSION = YES;
				CLANG_WARN_DEPRECATED_OBJC_IMPLEMENTATIONS = YES;
				CLANG_WARN_DIRECT_OBJC_ISA_USAGE = YES_ERROR;
				CLANG_WARN_DOCUMENTATION_COMMENTS = YES;
				CLANG_WARN_EMPTY_BODY = YES;
				CLANG_WARN_ENUM_CONVERSION = YES;
				CLANG_WARN_INFINITE_RECURSION = YES;
				CLANG_WARN_INT_CONVERSION = YES;
				CLANG_WARN_NON_LITERAL_NULL_CONVERSION = YES;
				CLANG_WARN_OBJC_IMPLICIT_RETAIN_SELF = YES;
				CLANG_WARN_OBJC_LITERAL_CONVERSION = YES;
				CLANG_WARN_OBJC_ROOT_CLASS = YES_ERROR;
				CLANG_WARN_QUOTED_INCLUDE_IN_FRAMEWORK_HEADER = YES;
				CLANG_WARN_RANGE_LOOP_ANALYSIS = YES;
				CLANG_WARN_STRICT_PROTOTYPES = YES;
				CLANG_WARN_SUSPICIOUS_MOVE = YES;
				CLANG_WARN_UNGUARDED_AVAILABILITY = YES_AGGRESSIVE;
				CLANG_WARN_UNREACHABLE_CODE = YES;
				CLANG_WARN__DUPLICATE_METHOD_MATCH = YES;
				COPY_PHASE_STRIP = NO;
				DEBUG_INFORMATION_FORMAT = dwarf;
				ENABLE_STRICT_OBJC_MSGSEND = YES;
				ENABLE_TESTABILITY = YES;
				GCC_C_LANGUAGE_STANDARD = gnu11;
				GCC_DYNAMIC_NO_PIC = NO;
				GCC_NO_COMMON_BLOCKS = YES;
				GCC_OPTIMIZATION_LEVEL = 0;
				GCC_PREPROCESSOR_DEFINITIONS = (
					"DEBUG=1",
					"$(inherited)",
				);
				GCC_WARN_64_TO_32_BIT_CONVERSION = YES;
				GCC_WARN_ABOUT_RETURN_TYPE = YES_ERROR;
				GCC_WARN_UNDECLARED_SELECTOR = YES;
				GCC_WARN_UNINITIALIZED_AUTOS = YES_AGGRESSIVE;
				GCC_WARN_UNUSED_FUNCTION = YES;
				GCC_WARN_UNUSED_VARIABLE = YES;
				IPHONEOS_DEPLOYMENT_TARGET = 16.4;
				MTL_ENABLE_DEBUG_INFO = INCLUDE_SOURCE;
				MTL_FAST_MATH = YES;
				ONLY_ACTIVE_ARCH = YES;
				SDKROOT = iphoneos;
				SWIFT_ACTIVE_COMPILATION_CONDITIONS = DEBUG;
				SWIFT_OPTIMIZATION_LEVEL = "-Onone";
			};
			name = Debug;
		};
		C4C603E42A6F02AB004BA2BF /* Release */ = {
			isa = XCBuildConfiguration;
			buildSettings = {
				ALWAYS_SEARCH_USER_PATHS = NO;
				CLANG_ANALYZER_NONNULL = YES;
				CLANG_ANALYZER_NUMBER_OBJECT_CONVERSION = YES_AGGRESSIVE;
				CLANG_CXX_LANGUAGE_STANDARD = "gnu++20";
				CLANG_ENABLE_MODULES = YES;
				CLANG_ENABLE_OBJC_ARC = YES;
				CLANG_ENABLE_OBJC_WEAK = YES;
				CLANG_WARN_BLOCK_CAPTURE_AUTORELEASING = YES;
				CLANG_WARN_BOOL_CONVERSION = YES;
				CLANG_WARN_COMMA = YES;
				CLANG_WARN_CONSTANT_CONVERSION = YES;
				CLANG_WARN_DEPRECATED_OBJC_IMPLEMENTATIONS = YES;
				CLANG_WARN_DIRECT_OBJC_ISA_USAGE = YES_ERROR;
				CLANG_WARN_DOCUMENTATION_COMMENTS = YES;
				CLANG_WARN_EMPTY_BODY = YES;
				CLANG_WARN_ENUM_CONVERSION = YES;
				CLANG_WARN_INFINITE_RECURSION = YES;
				CLANG_WARN_INT_CONVERSION = YES;
				CLANG_WARN_NON_LITERAL_NULL_CONVERSION = YES;
				CLANG_WARN_OBJC_IMPLICIT_RETAIN_SELF = YES;
				CLANG_WARN_OBJC_LITERAL_CONVERSION = YES;
				CLANG_WARN_OBJC_ROOT_CLASS = YES_ERROR;
				CLANG_WARN_QUOTED_INCLUDE_IN_FRAMEWORK_HEADER = YES;
				CLANG_WARN_RANGE_LOOP_ANALYSIS = YES;
				CLANG_WARN_STRICT_PROTOTYPES = YES;
				CLANG_WARN_SUSPICIOUS_MOVE = YES;
				CLANG_WARN_UNGUARDED_AVAILABILITY = YES_AGGRESSIVE;
				CLANG_WARN_UNREACHABLE_CODE = YES;
				CLANG_WARN__DUPLICATE_METHOD_MATCH = YES;
				COPY_PHASE_STRIP = NO;
				DEBUG_INFORMATION_FORMAT = "dwarf-with-dsym";
				ENABLE_NS_ASSERTIONS = NO;
				ENABLE_STRICT_OBJC_MSGSEND = YES;
				GCC_C_LANGUAGE_STANDARD = gnu11;
				GCC_NO_COMMON_BLOCKS = YES;
				GCC_WARN_64_TO_32_BIT_CONVERSION = YES;
				GCC_WARN_ABOUT_RETURN_TYPE = YES_ERROR;
				GCC_WARN_UNDECLARED_SELECTOR = YES;
				GCC_WARN_UNINITIALIZED_AUTOS = YES_AGGRESSIVE;
				GCC_WARN_UNUSED_FUNCTION = YES;
				GCC_WARN_UNUSED_VARIABLE = YES;
				IPHONEOS_DEPLOYMENT_TARGET = 16.4;
				MTL_ENABLE_DEBUG_INFO = NO;
				MTL_FAST_MATH = YES;
				SDKROOT = iphoneos;
				SWIFT_COMPILATION_MODE = wholemodule;
				SWIFT_OPTIMIZATION_LEVEL = "-O";
				VALIDATE_PRODUCT = YES;
			};
			name = Release;
		};
		C4C603E62A6F02AB004BA2BF /* Debug */ = {
			isa = XCBuildConfiguration;
			buildSettings = {
				ASSETCATALOG_COMPILER_APPICON_NAME = AppIcon;
				ASSETCATALOG_COMPILER_GLOBAL_ACCENT_COLOR_NAME = AccentColor;
				CODE_SIGN_STYLE = Automatic;
				CURRENT_PROJECT_VERSION = 1;
				DEVELOPMENT_TEAM = XN7SPBLRTW;
				GENERATE_INFOPLIST_FILE = YES;
				INFOPLIST_KEY_UIApplicationSupportsIndirectInputEvents = YES;
				INFOPLIST_KEY_UILaunchStoryboardName = LaunchScreen;
				INFOPLIST_KEY_UIMainStoryboardFile = Main;
				INFOPLIST_KEY_UIRequiresFullScreen = YES;
				INFOPLIST_KEY_UIStatusBarHidden = YES;
				INFOPLIST_KEY_UISupportedInterfaceOrientations = UIInterfaceOrientationPortrait;
				INFOPLIST_KEY_UISupportedInterfaceOrientations_iPad = "UIInterfaceOrientationLandscapeLeft UIInterfaceOrientationLandscapeRight UIInterfaceOrientationPortrait UIInterfaceOrientationPortraitUpsideDown";
				LD_RUNPATH_SEARCH_PATHS = (
					"$(inherited)",
					"@executable_path/Frameworks",
				);
				MARKETING_VERSION = 1.0;
				PRODUCT_BUNDLE_IDENTIFIER = "Katsiaryna-Kulik.WarFly";
				PRODUCT_NAME = "$(TARGET_NAME)";
				SWIFT_EMIT_LOC_STRINGS = YES;
				SWIFT_VERSION = 5.0;
				TARGETED_DEVICE_FAMILY = "1,2";
			};
			name = Debug;
		};
		C4C603E72A6F02AB004BA2BF /* Release */ = {
			isa = XCBuildConfiguration;
			buildSettings = {
				ASSETCATALOG_COMPILER_APPICON_NAME = AppIcon;
				ASSETCATALOG_COMPILER_GLOBAL_ACCENT_COLOR_NAME = AccentColor;
				CODE_SIGN_STYLE = Automatic;
				CURRENT_PROJECT_VERSION = 1;
				DEVELOPMENT_TEAM = XN7SPBLRTW;
				GENERATE_INFOPLIST_FILE = YES;
				INFOPLIST_KEY_UIApplicationSupportsIndirectInputEvents = YES;
				INFOPLIST_KEY_UILaunchStoryboardName = LaunchScreen;
				INFOPLIST_KEY_UIMainStoryboardFile = Main;
				INFOPLIST_KEY_UIRequiresFullScreen = YES;
				INFOPLIST_KEY_UIStatusBarHidden = YES;
				INFOPLIST_KEY_UISupportedInterfaceOrientations = UIInterfaceOrientationPortrait;
				INFOPLIST_KEY_UISupportedInterfaceOrientations_iPad = "UIInterfaceOrientationLandscapeLeft UIInterfaceOrientationLandscapeRight UIInterfaceOrientationPortrait UIInterfaceOrientationPortraitUpsideDown";
				LD_RUNPATH_SEARCH_PATHS = (
					"$(inherited)",
					"@executable_path/Frameworks",
				);
				MARKETING_VERSION = 1.0;
				PRODUCT_BUNDLE_IDENTIFIER = "Katsiaryna-Kulik.WarFly";
				PRODUCT_NAME = "$(TARGET_NAME)";
				SWIFT_EMIT_LOC_STRINGS = YES;
				SWIFT_VERSION = 5.0;
				TARGETED_DEVICE_FAMILY = "1,2";
			};
			name = Release;
		};
/* End XCBuildConfiguration section */

/* Begin XCConfigurationList section */
		C4C603C92A6F02A9004BA2BF /* Build configuration list for PBXProject "WarFly" */ = {
			isa = XCConfigurationList;
			buildConfigurations = (
				C4C603E32A6F02AB004BA2BF /* Debug */,
				C4C603E42A6F02AB004BA2BF /* Release */,
			);
			defaultConfigurationIsVisible = 0;
			defaultConfigurationName = Release;
		};
		C4C603E52A6F02AB004BA2BF /* Build configuration list for PBXNativeTarget "WarFly" */ = {
			isa = XCConfigurationList;
			buildConfigurations = (
				C4C603E62A6F02AB004BA2BF /* Debug */,
				C4C603E72A6F02AB004BA2BF /* Release */,
			);
			defaultConfigurationIsVisible = 0;
			defaultConfigurationName = Release;
		};
/* End XCConfigurationList section */
	};
	rootObject = C4C603C62A6F02A9004BA2BF /* Project object */;
}
